# DO NOT EDIT MANUALLY - Managed by Fern Replay
version: "1.0"
generations:
  - commit_sha: e4bd6fcbeb6644d865b5a71bb89de940a2f62241
    tree_hash: 501628c908b4f936fa7403081743cd752bd350d1
    timestamp: 2026-06-10T12:29:16.771Z
    cli_version: unknown
    generator_versions: {}
current_generation: e4bd6fcbeb6644d865b5a71bb89de940a2f62241
patches: []
